
Microsoft Visual Studio Solution File, Format Version 12.00
# Visual Studio Version 16
VisualStudioVersion = 16.0.29326.143
MinimumVisualStudioVersion = 10.0.40219.1
Project("{FAE04EC0-301F-11D3-BF4B-00C04F79EFBC}") = "Chanalindsystem", "Chanalindsystem\Chanalindsystem.csproj", "{7368334F-6EEC-4E01-AB86-552713003FC3}"
EndProject
Global
	GlobalSection(SolutionConfigurationPlatforms) = preSolution
		Debug|Any CPU = Debug|Any CPU
		Release|Any CPU = Release|Any CPU
	EndGlobalSection
	GlobalSection(ProjectConfigurationPlatforms) = postSolution
		{7368334F-6EEC-4E01-AB86-552713003FC3}.Debug|Any CPU.ActiveCfg = Debug|Any CPU
		{7368334F-6EEC-4E01-AB86-552713003FC3}.Debug|Any CPU.Build.0 = Debug|Any CPU
		{7368334F-6EEC-4E01-AB86-552713003FC3}.Release|Any CPU.ActiveCfg = Release|Any CPU
		{7368334F-6EEC-4E01-AB86-552713003FC3}.Release|Any CPU.Build.0 = Release|Any CPU
	EndGlobalSection
	GlobalSection(SolutionProperties) = preSolution
		HideSolutionNode = FALSE
	EndGlobalSection
	GlobalSection(ExtensibilityGlobals) = postSolution
		SolutionGuid = {545809AB-7A19-409E-B282-1EA19819903A}
	EndGlobalSection
EndGlobal
